
Microsoft Visual Studio Solution File, Format Version 12.00
# Visual Studio 15
VisualStudioVersion = 15.0.28307.1082
MinimumVisualStudioVersion = 10.0.40219.1
Project("{FAE04EC0-301F-11D3-BF4B-00C04F79EFBC}") = "MVC-Binding-Webgrid", "MVC-Binding-Webgrid\MVC-Binding-Webgrid.csproj", "{68137CDD-D306-44D9-B099-6F21BB60EEF1}"
EndProject
Global
	GlobalSection(SolutionConfigurationPlatforms) = preSolution
		Debug|Any CPU = Debug|Any CPU
		Release|Any CPU = Release|Any CPU
	EndGlobalSection
	GlobalSection(ProjectConfigurationPlatforms) = postSolution
		{68137CDD-D306-44D9-B099-6F21BB60EEF1}.Debug|Any CPU.ActiveCfg = Debug|Any CPU
		{68137CDD-D306-44D9-B099-6F21BB60EEF1}.Debug|Any CPU.Build.0 = Debug|Any CPU
		{68137CDD-D306-44D9-B099-6F21BB60EEF1}.Release|Any CPU.ActiveCfg = Release|Any CPU
		{68137CDD-D306-44D9-B099-6F21BB60EEF1}.Release|Any CPU.Build.0 = Release|Any CPU
	EndGlobalSection
	GlobalSection(SolutionProperties) = preSolution
		HideSolutionNode = FALSE
	EndGlobalSection
	GlobalSection(ExtensibilityGlobals) = postSolution
		SolutionGuid = {F39BE7FA-B536-4FCC-8354-4DA650B0FE26}
	EndGlobalSection
EndGlobal
